{
  "version": 4,
  "terraform_version": "1.2.9",
  "serial": 28,
  "lineage": "eb2c7bd9-e5d9-a713-b019-40dd3e7cb637",
  "outputs": {
    "kubernetes_cluster_host": {
      "value": "34.77.38.29",
      "type": "string"
    },
    "kubernetes_cluster_name": {
      "value": "implicaction-gke",
      "type": "string"
    },
    "project_id": {
      "value": "practical-bebop-360908",
      "type": "string"
    },
    "region": {
      "value": "europe-west1",
      "type": "string"
    }
  },
  "resources": [
    {
      "mode": "managed",
      "type": "google_compute_network",
      "name": "vpc",
      "provider": "provider[\"registry.terraform.io/hashicorp/google\"]",
      "instances": [
        {
          "schema_version": 0,
          "attributes": {
            "auto_create_subnetworks": false,
            "delete_default_routes_on_create": false,
            "description": "",
            "gateway_ipv4": "",
            "id": "projects/practical-bebop-360908/global/networks/practical-bebop-360908-vpc",
            "mtu": 0,
            "name": "practical-bebop-360908-vpc",
            "project": "practical-bebop-360908",
            "routing_mode": "REGIONAL",
            "self_link": "https://www.googleapis.com/compute/v1/projects/practical-bebop-360908/global/networks/practical-bebop-360908-vpc",
            "timeouts": null
          },
          "sensitive_attributes": [],
          "private": "eyJlMmJmYjczMC1lY2FhLTExZTYtOGY4OC0zNDM2M2JjN2M0YzAiOnsiY3JlYXRlIjoyNDAwMDAwMDAwMDAsImRlbGV0ZSI6MjQwMDAwMDAwMDAwLCJ1cGRhdGUiOjI0MDAwMDAwMDAwMH19"
        }
      ]
    },
    {
      "mode": "managed",
      "type": "google_compute_subnetwork",
      "name": "subnet",
      "provider": "provider[\"registry.terraform.io/hashicorp/google\"]",
      "instances": [
        {
          "schema_version": 0,
          "attributes": {
            "creation_timestamp": "2022-09-11T15:29:14.274-07:00",
            "description": "",
            "fingerprint": null,
            "gateway_address": "10.10.0.1",
            "id": "projects/practical-bebop-360908/regions/europe-west1/subnetworks/practical-bebop-360908-subnet",
            "ip_cidr_range": "10.10.0.0/24",
            "log_config": [],
            "name": "practical-bebop-360908-subnet",
            "network": "https://www.googleapis.com/compute/v1/projects/practical-bebop-360908/global/networks/practical-bebop-360908-vpc",
            "private_ip_google_access": false,
            "private_ipv6_google_access": "DISABLE_GOOGLE_ACCESS",
            "project": "practical-bebop-360908",
            "region": "europe-west1",
            "secondary_ip_range": [
              {
                "ip_cidr_range": "10.160.0.0/20",
                "range_name": "gke-implicaction-gke-services-12d6cb2f"
              },
              {
                "ip_cidr_range": "10.156.0.0/14",
                "range_name": "gke-implicaction-gke-pods-12d6cb2f"
              }
            ],
            "self_link": "https://www.googleapis.com/compute/v1/projects/practical-bebop-360908/regions/europe-west1/subnetworks/practical-bebop-360908-subnet",
            "timeouts": null
          },
          "sensitive_attributes": [],
          "private": "eyJlMmJmYjczMC1lY2FhLTExZTYtOGY4OC0zNDM2M2JjN2M0YzAiOnsiY3JlYXRlIjozNjAwMDAwMDAwMDAsImRlbGV0ZSI6MzYwMDAwMDAwMDAwLCJ1cGRhdGUiOjM2MDAwMDAwMDAwMH19",
          "dependencies": [
            "google_compute_network.vpc"
          ]
        }
      ]
    },
    {
      "mode": "managed",
      "type": "google_container_cluster",
      "name": "primary",
      "provider": "provider[\"registry.terraform.io/hashicorp/google\"]",
      "instances": [
        {
          "schema_version": 1,
          "attributes": {
            "addons_config": [
              {
                "cloudrun_config": [],
                "horizontal_pod_autoscaling": [],
                "http_load_balancing": [],
                "network_policy_config": [
                  {
                    "disabled": true
                  }
                ]
              }
            ],
            "authenticator_groups_config": [],
            "cluster_autoscaling": [
              {
                "auto_provisioning_defaults": [],
                "enabled": false,
                "resource_limits": []
              }
            ],
            "cluster_ipv4_cidr": "10.0.0.0/14",
            "database_encryption": [
              {
                "key_name": "",
                "state": "DECRYPTED"
              }
            ],
            "default_max_pods_per_node": 110,
            "description": "",
            "enable_binary_authorization": false,
            "enable_intranode_visibility": null,
            "enable_kubernetes_alpha": false,
            "enable_legacy_abac": false,
            "enable_shielded_nodes": false,
            "enable_tpu": null,
            "endpoint": "34.77.38.29",
            "id": "projects/practical-bebop-360908/locations/europe-west1-c/clusters/implicaction-gke",
            "initial_node_count": 1,
            "instance_group_urls": [],
            "ip_allocation_policy": [
              {
                "cluster_ipv4_cidr_block": "10.0.0.0/14",
                "cluster_secondary_range_name": "gke-implicaction-gke-pods-ec7893ca",
                "services_ipv4_cidr_block": "10.4.0.0/20",
                "services_secondary_range_name": "gke-implicaction-gke-services-ec7893ca"
              }
            ],
            "label_fingerprint": "a9dc16a7",
            "location": "europe-west1-c",
            "logging_service": "logging.googleapis.com/kubernetes",
            "maintenance_policy": [],
            "master_auth": [
              {
                "client_certificate": "",
                "client_certificate_config": [
                  {
                    "issue_client_certificate": false
                  }
                ],
                "client_key": "",
                "cluster_ca_certificate": "LS0tLS1CRUdJTiBDRVJUSUZJQ0FURS0tLS0tCk1JSUVMRENDQXBTZ0F3SUJBZ0lRVzg1UEx5SkF5T1FDMzlTZXpnWGxrekFOQmdrcWhraUc5dzBCQVFzRkFEQXYKTVMwd0t3WURWUVFERXlSa1pqZzFOVFV4WlMwNVlUWTRMVFJsTmpJdE9HVXdZeTFoWTJVM04yUTJZakJqWTJZdwpJQmNOTWpJd09URXhNakUwTlRVM1doZ1BNakExTWpBNU1ETXlNalExTlRkYU1DOHhMVEFyQmdOVkJBTVRKR1JtCk9EVTFOVEZsTFRsaE5qZ3ROR1UyTWkwNFpUQmpMV0ZqWlRjM1pEWmlNR05qWmpDQ0FhSXdEUVlKS29aSWh2Y04KQVFFQkJRQURnZ0dQQURDQ0FZb0NnZ0dCQU50SXhjeTlTRVkvVWtNaXlSNWI3ZDMrbzI1Y2dMMVpLbGJaS2ZFOApjOW5ic3lrNEVRNlZ4V25nMEFEcTFuTUdUbmVuU3Zza0FYRG1ndUNpUVFrT1hUYzNFcEV5L0txVkwzRU5kR2FKCkszOGFKWFN6QlgyWG11dmM5dnU2dVp2TlZhOVJYSVo3Tm1GaEhZbkpqT0hFRC81ckFCYUFVNng5VjZOSTVGbmsKOEtuYzYyUnR3c3dobWdGMUlGekcybEJ6TEF3WU4yNitSUUl6WjBVUGsvSlFqUzRvVCtjamtSR1hLTDErVVRhdwp6UkNyS0RJVUVobHphVGlsaTZYbVZ2NUxhdzMwclhPdWpydm1CSXhIS0pVYmdOT29INDhjVTJIeXJHY1EyN3lKCnZsZXAwcFE3TzBNY2RXWHJ1Z3lYWVJxK3JYeFR5OGJpUU9ydUQxaTY2SVZFV1pjUGRCSjd4SnhZMHBUUHFIOUcKOWFrVnUvTE5Va3lXYytobHVYeGRGeWs2ekpiZlZ1Q0h1MzNvZEhWR2prUjBlTm9IMis0SGI0WUxUZlh6NDhaSQpLU014ejNxRCtPekNDQS9UVHRIOGlTV2N0L0JMNXUyZ1NmNFIwYjllRWxhRVdBVlFHTVZJeFNvYzBsSVRFOG4wCnZaQzE4NVE1Y0JNOXB4VzVxTDE2cVZQVVBRSURBUUFCbzBJd1FEQU9CZ05WSFE4QkFmOEVCQU1DQWdRd0R3WUQKVlIwVEFRSC9CQVV3QXdFQi96QWRCZ05WSFE0RUZnUVVjT2E4MWY2cDZacGR6OU1xL3hFRVAxd0hNeXN3RFFZSgpLb1pJaHZjTkFRRUxCUUFEZ2dHQkFETDI2OSt5aW5QYlFNM0JkNnFuMGU0YXBMd3BzdXJyanhqUHFRbHd2VVZHClVweGdiQ1BWN09sZC95KzF6UHd1akV5cVAvSUN6a3kzcWZBLzNrTENxZzV4M3h0OGppcEwwL1hmam5HZXVkbHYKWXdmR1I5RWk2YmRoNGhYL0NQN2RjT1VwWGp3T1pWaU8yTmZGTnNzSlZSeFlmT05tK0lROGxrR3ppa2lxTENYaAo1aXphVWNjdFVkWDRlenkvaXIzeXJCT2hGcHVndGdaRGk1ckJma3h5ZWRNeWZOYjF1dFJZVFhqS0ViVm1wcC9ECmUxekI5ZVN2Z3RBNFRmOGx2NUZoM2VnQ1Y2Tk1SYXBZWXB4VTMxUFh1ZlhON0NXM1Y3UWVSY2FRa05tenpMam0KNzlaNUh6V0dMU0FoUUgvczFUeCtadzFocmhQTG5Pak14TnZMdWd5OXpPcGpSSFpaYUNyR1BTRGFvdnE4K01PSgpOdHJjYW5pWVZ1SUVqbCtsNTZpSEVSMi92dzFtNjRCV0pPTkx5YlllU1dnTWM3YitxK2dYSEMyR2Vndnl3Y1BXCmJMR3RJR2xGQUZFb2xwMXB4YmJnR1lDbWUxTUMzSGZaY1p4cXlZRUgybHkvYXovSGlmSkpmRlZXM0xBTjJna1cKZVJZcDJ5M3c5QndTUGlkcmZOVVdXZz09Ci0tLS0tRU5EIENFUlRJRklDQVRFLS0tLS0K",
                "password": "",
                "username": ""
              }
            ],
            "master_authorized_networks_config": [],
            "master_version": "1.22.11-gke.400",
            "min_master_version": null,
            "monitoring_service": "monitoring.googleapis.com/kubernetes",
            "name": "implicaction-gke",
            "network": "projects/practical-bebop-360908/global/networks/practical-bebop-360908-vpc",
            "network_policy": [
              {
                "enabled": false,
                "provider": "PROVIDER_UNSPECIFIED"
              }
            ],
            "node_config": [],
            "node_locations": [],
            "node_pool": [],
            "node_version": "1.22.11-gke.400",
            "operation": null,
            "pod_security_policy_config": [],
            "private_cluster_config": [],
            "project": "practical-bebop-360908",
            "release_channel": [
              {
                "channel": "REGULAR"
              }
            ],
            "remove_default_node_pool": true,
            "resource_labels": null,
            "resource_usage_export_config": [],
            "self_link": "https://container.googleapis.com/v1beta1/projects/practical-bebop-360908/zones/europe-west1-c/clusters/implicaction-gke",
            "services_ipv4_cidr": "10.4.0.0/20",
            "subnetwork": "projects/practical-bebop-360908/regions/europe-west1/subnetworks/practical-bebop-360908-subnet",
            "timeouts": null,
            "vertical_pod_autoscaling": [],
            "workload_identity_config": []
          },
          "sensitive_attributes": [],
          "private": "eyJlMmJmYjczMC1lY2FhLTExZTYtOGY4OC0zNDM2M2JjN2M0YzAiOnsiY3JlYXRlIjoyNDAwMDAwMDAwMDAwLCJkZWxldGUiOjI0MDAwMDAwMDAwMDAsInJlYWQiOjI0MDAwMDAwMDAwMDAsInVwZGF0ZSI6MzYwMDAwMDAwMDAwMH0sInNjaGVtYV92ZXJzaW9uIjoiMSJ9",
          "dependencies": [
            "google_compute_network.vpc",
            "google_compute_subnetwork.subnet"
          ]
        }
      ]
    },
    {
      "mode": "managed",
      "type": "google_container_node_pool",
      "name": "primary_nodes",
      "provider": "provider[\"registry.terraform.io/hashicorp/google\"]",
      "instances": [
        {
          "schema_version": 1,
          "attributes": {
            "autoscaling": [],
            "cluster": "implicaction-gke",
            "id": "projects/practical-bebop-360908/locations/europe-west1-c/clusters/implicaction-gke/nodePools/implicaction-gke-node-pool",
            "initial_node_count": 3,
            "instance_group_urls": [
              "https://www.googleapis.com/compute/v1/projects/practical-bebop-360908/zones/europe-west1-c/instanceGroupManagers/gke-implicaction-gke-implicaction-gke-92d206e5-grp"
            ],
            "location": "europe-west1-c",
            "management": [
              {
                "auto_repair": true,
                "auto_upgrade": true
              }
            ],
            "max_pods_per_node": 110,
            "name": "implicaction-gke-node-pool",
            "name_prefix": "",
            "node_config": [
              {
                "disk_size_gb": 100,
                "disk_type": "pd-standard",
                "guest_accelerator": [],
                "image_type": "COS_CONTAINERD",
                "labels": {
                  "env": "practical-bebop-360908"
                },
                "local_ssd_count": 0,
                "machine_type": "n1-standard-1",
                "metadata": {
                  "disable-legacy-endpoints": "true"
                },
                "min_cpu_platform": "",
                "oauth_scopes": [
                  "https://www.googleapis.com/auth/logging.write",
                  "https://www.googleapis.com/auth/monitoring"
                ],
                "preemptible": false,
                "service_account": "default",
                "shielded_instance_config": [
                  {
                    "enable_integrity_monitoring": true,
                    "enable_secure_boot": false
                  }
                ],
                "tags": [
                  "gke-node",
                  "implicaction-gke"
                ],
                "taint": [],
                "workload_metadata_config": []
              }
            ],
            "node_count": 3,
            "node_locations": [
              "europe-west1-c"
            ],
            "project": "practical-bebop-360908",
            "timeouts": null,
            "upgrade_settings": [
              {
                "max_surge": 1,
                "max_unavailable": 0
              }
            ],
            "version": "1.22.11-gke.400"
          },
          "sensitive_attributes": [],
          "private": "eyJlMmJmYjczMC1lY2FhLTExZTYtOGY4OC0zNDM2M2JjN2M0YzAiOnsiY3JlYXRlIjoxODAwMDAwMDAwMDAwLCJkZWxldGUiOjE4MDAwMDAwMDAwMDAsInVwZGF0ZSI6MTgwMDAwMDAwMDAwMH0sInNjaGVtYV92ZXJzaW9uIjoiMSJ9",
          "dependencies": [
            "google_compute_network.vpc",
            "google_compute_subnetwork.subnet",
            "google_container_cluster.primary"
          ]
        }
      ]
    }
  ]
}
